
Microsoft Visual Studio Solution File, Format Version 12.00
Project("{FAE04EC0-301F-11D3-BF4B-00C04F79EFBC}") = "EntityFrameworkApi", "EntityFrameworkApi\EntityFrameworkApi.csproj", "{8CD61719-EE9C-43BB-B553-46C3975A6725}"
EndProject
Global
	GlobalSection(SolutionConfigurationPlatforms) = preSolution
		Debug|Any CPU = Debug|Any CPU
		Release|Any CPU = Release|Any CPU
	EndGlobalSection
	GlobalSection(ProjectConfigurationPlatforms) = postSolution
		{8CD61719-EE9C-43BB-B553-46C3975A6725}.Debug|Any CPU.ActiveCfg = Debug|Any CPU
		{8CD61719-EE9C-43BB-B553-46C3975A6725}.Debug|Any CPU.Build.0 = Debug|Any CPU
		{8CD61719-EE9C-43BB-B553-46C3975A6725}.Release|Any CPU.ActiveCfg = Release|Any CPU
		{8CD61719-EE9C-43BB-B553-46C3975A6725}.Release|Any CPU.Build.0 = Release|Any CPU
	EndGlobalSection
EndGlobal
